
Microsoft Visual Studio Solution File, Format Version 12.00
# Visual Studio Version 16
VisualStudioVersion = 16.0.30413.136
MinimumVisualStudioVersion = 10.0.40219.1
Project("{FAE04EC0-301F-11D3-BF4B-00C04F79EFBC}") = "Lists", "Lists.csproj", "{7339E62B-9B62-463C-AE71-56BD850B0EF1}"
EndProject
Global
	GlobalSection(SolutionConfigurationPlatforms) = preSolution
		Debug|Any CPU = Debug|Any CPU
		Release|Any CPU = Release|Any CPU
	EndGlobalSection
	GlobalSection(ProjectConfigurationPlatforms) = postSolution
		{7339E62B-9B62-463C-AE71-56BD850B0EF1}.Debug|Any CPU.ActiveCfg = Debug|Any CPU
		{7339E62B-9B62-463C-AE71-56BD850B0EF1}.Debug|Any CPU.Build.0 = Debug|Any CPU
		{7339E62B-9B62-463C-AE71-56BD850B0EF1}.Release|Any CPU.ActiveCfg = Release|Any CPU
		{7339E62B-9B62-463C-AE71-56BD850B0EF1}.Release|Any CPU.Build.0 = Release|Any CPU
	EndGlobalSection
	GlobalSection(SolutionProperties) = preSolution
		HideSolutionNode = FALSE
	EndGlobalSection
	GlobalSection(ExtensibilityGlobals) = postSolution
		SolutionGuid = {2B1C34E5-5979-465A-92D2-4E2BB1CBB908}
	EndGlobalSection
EndGlobal
